// !$*UTF8*$!
{
	archiveVersion = 1;
	classes = {
	};
	objectVersion = 51;
	objects = {

/* Begin PBXBuildFile section */
		27A23ABD23E7CB9800EFABCA /* AppDelegate.swift in Sources */ = {isa = PBXBuildFile; fileRef = 27A23ABC23E7CB9800EFABCA /* AppDelegate.swift */; };
		27A23ABF23E7CB9800EFABCA /* SceneDelegate.swift in Sources */ = {isa = PBXBuildFile; fileRef = 27A23ABE23E7CB9800EFABCA /* SceneDelegate.swift */; };
		27A23AC123E7CB9800EFABCA /* ViewController.swift in Sources */ = {isa = PBXBuildFile; fileRef = 27A23AC023E7CB9800EFABCA /* ViewController.swift */; };
		27A23AC423E7CB9800EFABCA /* Main.storyboard in Resources */ = {isa = PBXBuildFile; fileRef = 27A23AC223E7CB9800EFABCA /* Main.storyboard */; };
		27A23AC623E7CB9C00EFABCA /* Assets.xcassets in Resources */ = {isa = PBXBuildFile; fileRef = 27A23AC523E7CB9C00EFABCA /* Assets.xcassets */; };
		27A23AC923E7CB9C00EFABCA /* LaunchScreen.storyboard in Resources */ = {isa = PBXBuildFile; fileRef = 27A23AC723E7CB9C00EFABCA /* LaunchScreen.storyboard */; };
		27A23AD123E7D12C00EFABCA /* MenuTableViewController.swift in Sources */ = {isa = PBXBuildFile; fileRef = 27A23AD023E7D12C00EFABCA /* MenuTableViewController.swift */; };
		27A23AD323E7D16900EFABCA /* MenuTableViewCell.swift in Sources */ = {isa = PBXBuildFile; fileRef = 27A23AD223E7D16900EFABCA /* MenuTableViewCell.swift */; };
		27A23AD523E7D3FE00EFABCA /* Const.swift in Sources */ = {isa = PBXBuildFile; fileRef = 27A23AD423E7D3FE00EFABCA /* Const.swift */; };
		27A23AD723E802FD00EFABCA /* EditViewController.swift in Sources */ = {isa = PBXBuildFile; fileRef = 27A23AD623E802FD00EFABCA /* EditViewController.swift */; };
		27A23AD923E80F4F00EFABCA /* LoginViewController.swift in Sources */ = {isa = PBXBuildFile; fileRef = 27A23AD823E80F4F00EFABCA /* LoginViewController.swift */; };
		DDA8D323A1D6AD062CCB819C /* Pods_Resto_Apps_iOS.framework in Frameworks */ = {isa = PBXBuildFile; fileRef = A2D49B681BE74520395BC2C9 /* Pods_Resto_Apps_iOS.framework */; };
/* End PBXBuildFile section */

/* Begin PBXFileReference section */
		27A23AB923E7CB9800EFABCA /* Resto Apps iOS.app */ = {isa = PBXFileReference; explicitFileType = wrapper.application; includeInIndex = 0; path = "Resto Apps iOS.app"; sourceTree = BUILT_PRODUCTS_DIR; };
		27A23ABC23E7CB9800EFABCA /* AppDelegate.swift */ = {isa = PBXFileReference; lastKnownFileType = sourcecode.swift; path = AppDelegate.swift; sourceTree = "<group>"; };
		27A23ABE23E7CB9800EFABCA /* SceneDelegate.swift */ = {isa = PBXFileReference; lastKnownFileType = sourcecode.swift; path = SceneDelegate.swift; sourceTree = "<group>"; };
		27A23AC023E7CB9800EFABCA /* ViewController.swift */ = {isa = PBXFileReference; lastKnownFileType = sourcecode.swift; path = ViewController.swift; sourceTree = "<group>"; };
		27A23AC323E7CB9800EFABCA /* Base */ = {isa = PBXFileReference; lastKnownFileType = file.storyboard; name = Base; path = Base.lproj/Main.storyboard; sourceTree = "<group>"; };
		27A23AC523E7CB9C00EFABCA /* Assets.xcassets */ = {isa = PBXFileReference; lastKnownFileType = folder.assetcatalog; path = Assets.xcassets; sourceTree = "<group>"; };
		27A23AC823E7CB9C00EFABCA /* Base */ = {isa = PBXFileReference; lastKnownFileType = file.storyboard; name = Base; path = Base.lproj/LaunchScreen.storyboard; sourceTree = "<group>"; };
		27A23ACA23E7CB9C00EFABCA /* Info.plist */ = {isa = PBXFileReference; lastKnownFileType = text.plist.xml; path = Info.plist; sourceTree = "<group>"; };
		27A23AD023E7D12C00EFABCA /* MenuTableViewController.swift */ = {isa = PBXFileReference; lastKnownFileType = sourcecode.swift; path = MenuTableViewController.swift; sourceTree = "<group>"; };
		27A23AD223E7D16900EFABCA /* MenuTableViewCell.swift */ = {isa = PBXFileReference; lastKnownFileType = sourcecode.swift; path = MenuTableViewCell.swift; sourceTree = "<group>"; };
		27A23AD423E7D3FE00EFABCA /* Const.swift */ = {isa = PBXFileReference; lastKnownFileType = sourcecode.swift; path = Const.swift; sourceTree = "<group>"; };
		27A23AD623E802FD00EFABCA /* EditViewController.swift */ = {isa = PBXFileReference; lastKnownFileType = sourcecode.swift; path = EditViewController.swift; sourceTree = "<group>"; };
		27A23AD823E80F4F00EFABCA /* LoginViewController.swift */ = {isa = PBXFileReference; lastKnownFileType = sourcecode.swift; path = LoginViewController.swift; sourceTree = "<group>"; };
		5CCEEA60990E697CCDBCF079 /* Pods-Resto Apps iOS.release.xcconfig */ = {isa = PBXFileReference; includeInIndex = 1; lastKnownFileType = text.xcconfig; name = "Pods-Resto Apps iOS.release.xcconfig"; path = "Target Support Files/Pods-Resto Apps iOS/Pods-Resto Apps iOS.release.xcconfig"; sourceTree = "<group>"; };
		84A985FD0AB450D7B4F0C7AB /* Pods-Resto Apps iOS.debug.xcconfig */ = {isa = PBXFileReference; includeInIndex = 1; lastKnownFileType = text.xcconfig; name = "Pods-Resto Apps iOS.debug.xcconfig"; path = "Target Support Files/Pods-Resto Apps iOS/Pods-Resto Apps iOS.debug.xcconfig"; sourceTree = "<group>"; };
		A2D49B681BE74520395BC2C9 /* Pods_Resto_Apps_iOS.framework */ = {isa = PBXFileReference; explicitFileType = wrapper.framework; includeInIndex = 0; path = Pods_Resto_Apps_iOS.framework; sourceTree = BUILT_PRODUCTS_DIR; };
/* End PBXFileReference section */

/* Begin PBXFrameworksBuildPhase section */
		27A23AB623E7CB9800EFABCA /* Frameworks */ = {
			isa = PBXFrameworksBuildPhase;
			buildActionMask = 2147483647;
			files = (
				DDA8D323A1D6AD062CCB819C /* Pods_Resto_Apps_iOS.framework in Frameworks */,
			);
			runOnlyForDeploymentPostprocessing = 0;
		};
/* End PBXFrameworksBuildPhase section */

/* Begin PBXGroup section */
		27A23AB023E7CB9800EFABCA = {
			isa = PBXGroup;
			children = (
				27A23ABB23E7CB9800EFABCA /* Resto Apps iOS */,
				27A23ABA23E7CB9800EFABCA /* Products */,
				4C4B9317BEC3BC596DDFDEDD /* Pods */,
				4F9D2157D8BFB199C4F8A4D6 /* Frameworks */,
			);
			sourceTree = "<group>";
		};
		27A23ABA23E7CB9800EFABCA /* Products */ = {
			isa = PBXGroup;
			children = (
				27A23AB923E7CB9800EFABCA /* Resto Apps iOS.app */,
			);
			name = Products;
			sourceTree = "<group>";
		};
		27A23ABB23E7CB9800EFABCA /* Resto Apps iOS */ = {
			isa = PBXGroup;
			children = (
				27A23ABC23E7CB9800EFABCA /* AppDelegate.swift */,
				27A23ABE23E7CB9800EFABCA /* SceneDelegate.swift */,
				27A23AC023E7CB9800EFABCA /* ViewController.swift */,
				27A23AC223E7CB9800EFABCA /* Main.storyboard */,
				27A23AC523E7CB9C00EFABCA /* Assets.xcassets */,
				27A23AC723E7CB9C00EFABCA /* LaunchScreen.storyboard */,
				27A23ACA23E7CB9C00EFABCA /* Info.plist */,
				27A23AD023E7D12C00EFABCA /* MenuTableViewController.swift */,
				27A23AD223E7D16900EFABCA /* MenuTableViewCell.swift */,
				27A23AD423E7D3FE00EFABCA /* Const.swift */,
				27A23AD623E802FD00EFABCA /* EditViewController.swift */,
				27A23AD823E80F4F00EFABCA /* LoginViewController.swift */,
			);
			path = "Resto Apps iOS";
			sourceTree = "<group>";
		};
		4C4B9317BEC3BC596DDFDEDD /* Pods */ = {
			isa = PBXGroup;
			children = (
				84A985FD0AB450D7B4F0C7AB /* Pods-Resto Apps iOS.debug.xcconfig */,
				5CCEEA60990E697CCDBCF079 /* Pods-Resto Apps iOS.release.xcconfig */,
			);
			path = Pods;
			sourceTree = "<group>";
		};
		4F9D2157D8BFB199C4F8A4D6 /* Frameworks */ = {
			isa = PBXGroup;
			children = (
				A2D49B681BE74520395BC2C9 /* Pods_Resto_Apps_iOS.framework */,
			);
			name = Frameworks;
			sourceTree = "<group>";
		};
/* End PBXGroup section */

/* Begin PBXNativeTarget section */
		27A23AB823E7CB9800EFABCA /* Resto Apps iOS */ = {
			isa = PBXNativeTarget;
			buildConfigurationList = 27A23ACD23E7CB9C00EFABCA /* Build configuration list for PBXNativeTarget "Resto Apps iOS" */;
			buildPhases = (
				8777ACA0152DB892E7CC6489 /* [CP] Check Pods Manifest.lock */,
				27A23AB523E7CB9800EFABCA /* Sources */,
				27A23AB623E7CB9800EFABCA /* Frameworks */,
				27A23AB723E7CB9800EFABCA /* Resources */,
				059F79520AAC5E28CFA1F9DA /* [CP] Embed Pods Frameworks */,
			);
			buildRules = (
			);
			dependencies = (
			);
			name = "Resto Apps iOS";
			productName = "Resto Apps iOS";
			productReference = 27A23AB923E7CB9800EFABCA /* Resto Apps iOS.app */;
			productType = "com.apple.product-type.application";
		};
/* End PBXNativeTarget section */

/* Begin PBXProject section */
		27A23AB123E7CB9800EFABCA /* Project object */ = {
			isa = PBXProject;
			attributes = {
				LastSwiftUpdateCheck = 1130;
				LastUpgradeCheck = 1130;
				ORGANIZATIONNAME = rasyidrw;
				TargetAttributes = {
					27A23AB823E7CB9800EFABCA = {
						CreatedOnToolsVersion = 11.3.1;
					};
				};
			};
			buildConfigurationList = 27A23AB423E7CB9800EFABCA /* Build configuration list for PBXProject "Resto Apps iOS" */;
			compatibilityVersion = "Xcode 9.3";
			developmentRegion = en;
			hasScannedForEncodings = 0;
			knownRegions = (
				en,
				Base,
			);
			mainGroup = 27A23AB023E7CB9800EFABCA;
			productRefGroup = 27A23ABA23E7CB9800EFABCA /* Products */;
			projectDirPath = "";
			projectRoot = "";
			targets = (
				27A23AB823E7CB9800EFABCA /* Resto Apps iOS */,
			);
		};
/* End PBXProject section */

/* Begin PBXResourcesBuildPhase section */
		27A23AB723E7CB9800EFABCA /* Resources */ = {
			isa = PBXResourcesBuildPhase;
			buildActionMask = 2147483647;
			files = (
				27A23AC923E7CB9C00EFABCA /* LaunchScreen.storyboard in Resources */,
				27A23AC623E7CB9C00EFABCA /* Assets.xcassets in Resources */,
				27A23AC423E7CB9800EFABCA /* Main.storyboard in Resources */,
			);
			runOnlyForDeploymentPostprocessing = 0;
		};
/* End PBXResourcesBuildPhase section */

/* Begin PBXShellScriptBuildPhase section */
		059F79520AAC5E28CFA1F9DA /* [CP] Embed Pods Frameworks */ = {
			isa = PBXShellScriptBuildPhase;
			buildActionMask = 2147483647;
			files = (
			);
			inputFileListPaths = (
				"${PODS_ROOT}/Target Support Files/Pods-Resto Apps iOS/Pods-Resto Apps iOS-frameworks-${CONFIGURATION}-input-files.xcfilelist",
			);
			name = "[CP] Embed Pods Frameworks";
			outputFileListPaths = (
				"${PODS_ROOT}/Target Support Files/Pods-Resto Apps iOS/Pods-Resto Apps iOS-frameworks-${CONFIGURATION}-output-files.xcfilelist",
			);
			runOnlyForDeploymentPostprocessing = 0;
			shellPath = /bin/sh;
			shellScript = "\"${PODS_ROOT}/Target Support Files/Pods-Resto Apps iOS/Pods-Resto Apps iOS-frameworks.sh\"\n";
			showEnvVarsInLog = 0;
		};
		8777ACA0152DB892E7CC6489 /* [CP] Check Pods Manifest.lock */ = {
			isa = PBXShellScriptBuildPhase;
			buildActionMask = 2147483647;
			files = (
			);
			inputFileListPaths = (
			);
			inputPaths = (
				"${PODS_PODFILE_DIR_PATH}/Podfile.lock",
				"${PODS_ROOT}/Manifest.lock",
			);
			name = "[CP] Check Pods Manifest.lock";
			outputFileListPaths = (
			);
			outputPaths = (
				"$(DERIVED_FILE_DIR)/Pods-Resto Apps iOS-checkManifestLockResult.txt",
			);
			runOnlyForDeploymentPostprocessing = 0;
			shellPath = /bin/sh;
			shellScript = "diff \"${PODS_PODFILE_DIR_PATH}/Podfile.lock\" \"${PODS_ROOT}/Manifest.lock\" > /dev/null\nif [ $? != 0 ] ; then\n    # print error to STDERR\n    echo \"error: The sandbox is not in sync with the Podfile.lock. Run 'pod install' or update your CocoaPods installation.\" >&2\n    exit 1\nfi\n# This output is used by Xcode 'outputs' to avoid re-running this script phase.\necho \"SUCCESS\" > \"${SCRIPT_OUTPUT_FILE_0}\"\n";
			showEnvVarsInLog = 0;
		};
/* End PBXShellScriptBuildPhase section */

/* Begin PBXSourcesBuildPhase section */
		27A23AB523E7CB9800EFABCA /* Sources */ = {
			isa = PBXSourcesBuildPhase;
			buildActionMask = 2147483647;
			files = (
				27A23AD123E7D12C00EFABCA /* MenuTableViewController.swift in Sources */,
				27A23AC123E7CB9800EFABCA /* ViewController.swift in Sources */,
				27A23ABD23E7CB9800EFABCA /* AppDelegate.swift in Sources */,
				27A23ABF23E7CB9800EFABCA /* SceneDelegate.swift in Sources */,
				27A23AD923E80F4F00EFABCA /* LoginViewController.swift in Sources */,
				27A23AD323E7D16900EFABCA /* MenuTableViewCell.swift in Sources */,
				27A23AD523E7D3FE00EFABCA /* Const.swift in Sources */,
				27A23AD723E802FD00EFABCA /* EditViewController.swift in Sources */,
			);
			runOnlyForDeploymentPostprocessing = 0;
		};
/* End PBXSourcesBuildPhase section */

/* Begin PBXVariantGroup section */
		27A23AC223E7CB9800EFABCA /* Main.storyboard */ = {
			isa = PBXVariantGroup;
			children = (
				27A23AC323E7CB9800EFABCA /* Base */,
			);
			name = Main.storyboard;
			sourceTree = "<group>";
		};
		27A23AC723E7CB9C00EFABCA /* LaunchScreen.storyboard */ = {
			isa = PBXVariantGroup;
			children = (
				27A23AC823E7CB9C00EFABCA /* Base */,
			);
			name = LaunchScreen.storyboard;
			sourceTree = "<group>";
		};
/* End PBXVariantGroup section */

/* Begin XCBuildConfiguration section */
		27A23ACB23E7CB9C00EFABCA /* Debug */ = {
			isa = XCBuildConfiguration;
			buildSettings = {
				ALWAYS_SEARCH_USER_PATHS = NO;
				CLANG_ANALYZER_NONNULL = YES;
				CLANG_ANALYZER_NUMBER_OBJECT_CONVERSION = YES_AGGRESSIVE;
				CLANG_CXX_LANGUAGE_STANDARD = "gnu++14";
				CLANG_CXX_LIBRARY = "libc++";
				CLANG_ENABLE_MODULES = YES;
				CLANG_ENABLE_OBJC_ARC = YES;
				CLANG_ENABLE_OBJC_WEAK = YES;
				CLANG_WARN_BLOCK_CAPTURE_AUTORELEASING = YES;
				CLANG_WARN_BOOL_CONVERSION = YES;
				CLANG_WARN_COMMA = YES;
				CLANG_WARN_CONSTANT_CONVERSION = YES;
				CLANG_WARN_DEPRECATED_OBJC_IMPLEMENTATIONS = YES;
				CLANG_WARN_DIRECT_OBJC_ISA_USAGE = YES_ERROR;
				CLANG_WARN_DOCUMENTATION_COMMENTS = YES;
				CLANG_WARN_EMPTY_BODY = YES;
				CLANG_WARN_ENUM_CONVERSION = YES;
				CLANG_WARN_INFINITE_RECURSION = YES;
				CLANG_WARN_INT_CONVERSION = YES;
				CLANG_WARN_NON_LITERAL_NULL_CONVERSION = YES;
				CLANG_WARN_OBJC_IMPLICIT_RETAIN_SELF = YES;
				CLANG_WARN_OBJC_LITERAL_CONVERSION = YES;
				CLANG_WARN_OBJC_ROOT_CLASS = YES_ERROR;
				CLANG_WARN_RANGE_LOOP_ANALYSIS = YES;
				CLANG_WARN_STRICT_PROTOTYPES = YES;
				CLANG_WARN_SUSPICIOUS_MOVE = YES;
				CLANG_WARN_UNGUARDED_AVAILABILITY = YES_AGGRESSIVE;
				CLANG_WARN_UNREACHABLE_CODE = YES;
				CLANG_WARN__DUPLICATE_METHOD_MATCH = YES;
				COPY_PHASE_STRIP = NO;
				DEBUG_INFORMATION_FORMAT = dwarf;
				ENABLE_STRICT_OBJC_MSGSEND = YES;
				ENABLE_TESTABILITY = YES;
				GCC_C_LANGUAGE_STANDARD = gnu11;
				GCC_DYNAMIC_NO_PIC = NO;
				GCC_NO_COMMON_BLOCKS = YES;
				GCC_OPTIMIZATION_LEVEL = 0;
				GCC_PREPROCESSOR_DEFINITIONS = (
					"DEBUG=1",
					"$(inherited)",
				);
				GCC_WARN_64_TO_32_BIT_CONVERSION = YES;
				GCC_WARN_ABOUT_RETURN_TYPE = YES_ERROR;
				GCC_WARN_UNDECLARED_SELECTOR = YES;
				GCC_WARN_UNINITIALIZED_AUTOS = YES_AGGRESSIVE;
				GCC_WARN_UNUSED_FUNCTION = YES;
				GCC_WARN_UNUSED_VARIABLE = YES;
				IPHONEOS_DEPLOYMENT_TARGET = 13.2;
				MTL_ENABLE_DEBUG_INFO = INCLUDE_SOURCE;
				MTL_FAST_MATH = YES;
				ONLY_ACTIVE_ARCH = YES;
				SDKROOT = iphoneos;
				SWIFT_ACTIVE_COMPILATION_CONDITIONS = DEBUG;
				SWIFT_OPTIMIZATION_LEVEL = "-Onone";
			};
			name = Debug;
		};
		27A23ACC23E7CB9C00EFABCA /* Release */ = {
			isa = XCBuildConfiguration;
			buildSettings = {
				ALWAYS_SEARCH_USER_PATHS = NO;
				CLANG_ANALYZER_NONNULL = YES;
				CLANG_ANALYZER_NUMBER_OBJECT_CONVERSION = YES_AGGRESSIVE;
				CLANG_CXX_LANGUAGE_STANDARD = "gnu++14";
				CLANG_CXX_LIBRARY = "libc++";
				CLANG_ENABLE_MODULES = YES;
				CLANG_ENABLE_OBJC_ARC = YES;
				CLANG_ENABLE_OBJC_WEAK = YES;
				CLANG_WARN_BLOCK_CAPTURE_AUTORELEASING = YES;
				CLANG_WARN_BOOL_CONVERSION = YES;
				CLANG_WARN_COMMA = YES;
				CLANG_WARN_CONSTANT_CONVERSION = YES;
				CLANG_WARN_DEPRECATED_OBJC_IMPLEMENTATIONS = YES;
				CLANG_WARN_DIRECT_OBJC_ISA_USAGE = YES_ERROR;
				CLANG_WARN_DOCUMENTATION_COMMENTS = YES;
				CLANG_WARN_EMPTY_BODY = YES;
				CLANG_WARN_ENUM_CONVERSION = YES;
				CLANG_WARN_INFINITE_RECURSION = YES;
				CLANG_WARN_INT_CONVERSION = YES;
				CLANG_WARN_NON_LITERAL_NULL_CONVERSION = YES;
				CLANG_WARN_OBJC_IMPLICIT_RETAIN_SELF = YES;
				CLANG_WARN_OBJC_LITERAL_CONVERSION = YES;
				CLANG_WARN_OBJC_ROOT_CLASS = YES_ERROR;
				CLANG_WARN_RANGE_LOOP_ANALYSIS = YES;
				CLANG_WARN_STRICT_PROTOTYPES = YES;
				CLANG_WARN_SUSPICIOUS_MOVE = YES;
				CLANG_WARN_UNGUARDED_AVAILABILITY = YES_AGGRESSIVE;
				CLANG_WARN_UNREACHABLE_CODE = YES;
				CLANG_WARN__DUPLICATE_METHOD_MATCH = YES;
				COPY_PHASE_STRIP = NO;
				DEBUG_INFORMATION_FORMAT = "dwarf-with-dsym";
				ENABLE_NS_ASSERTIONS = NO;
				ENABLE_STRICT_OBJC_MSGSEND = YES;
				GCC_C_LANGUAGE_STANDARD = gnu11;
				GCC_NO_COMMON_BLOCKS = YES;
				GCC_WARN_64_TO_32_BIT_CONVERSION = YES;
				GCC_WARN_ABOUT_RETURN_TYPE = YES_ERROR;
				GCC_WARN_UNDECLARED_SELECTOR = YES;
				GCC_WARN_UNINITIALIZED_AUTOS = YES_AGGRESSIVE;
				GCC_WARN_UNUSED_FUNCTION = YES;
				GCC_WARN_UNUSED_VARIABLE = YES;
				IPHONEOS_DEPLOYMENT_TARGET = 13.2;
				MTL_ENABLE_DEBUG_INFO = NO;
				MTL_FAST_MATH = YES;
				SDKROOT = iphoneos;
				SWIFT_COMPILATION_MODE = wholemodule;
				SWIFT_OPTIMIZATION_LEVEL = "-O";
				VALIDATE_PRODUCT = YES;
			};
			name = Release;
		};
		27A23ACE23E7CB9C00EFABCA /* Debug */ = {
			isa = XCBuildConfiguration;
			baseConfigurationReference = 84A985FD0AB450D7B4F0C7AB /* Pods-Resto Apps iOS.debug.xcconfig */;
			buildSettings = {
				ASSETCATALOG_COMPILER_APPICON_NAME = AppIcon;
				CODE_SIGN_STYLE = Automatic;
				DEVELOPMENT_TEAM = FKSAD8NRG8;
				INFOPLIST_FILE = "Resto Apps iOS/Info.plist";
				LD_RUNPATH_SEARCH_PATHS = (
					"$(inherited)",
					"@executable_path/Frameworks",
				);
				PRODUCT_BUNDLE_IDENTIFIER = "com.rasyidrw.Resto-Apps-iOS";
				PRODUCT_NAME = "$(TARGET_NAME)";
				SWIFT_VERSION = 5.0;
				TARGETED_DEVICE_FAMILY = "1,2";
			};
			name = Debug;
		};
		27A23ACF23E7CB9C00EFABCA /* Release */ = {
			isa = XCBuildConfiguration;
			baseConfigurationReference = 5CCEEA60990E697CCDBCF079 /* Pods-Resto Apps iOS.release.xcconfig */;
			buildSettings = {
				ASSETCATALOG_COMPILER_APPICON_NAME = AppIcon;
				CODE_SIGN_STYLE = Automatic;
				DEVELOPMENT_TEAM = FKSAD8NRG8;
				INFOPLIST_FILE = "Resto Apps iOS/Info.plist";
				LD_RUNPATH_SEARCH_PATHS = (
					"$(inherited)",
					"@executable_path/Frameworks",
				);
				PRODUCT_BUNDLE_IDENTIFIER = "com.rasyidrw.Resto-Apps-iOS";
				PRODUCT_NAME = "$(TARGET_NAME)";
				SWIFT_VERSION = 5.0;
				TARGETED_DEVICE_FAMILY = "1,2";
			};
			name = Release;
		};
/* End XCBuildConfiguration section */

/* Begin XCConfigurationList section */
		27A23AB423E7CB9800EFABCA /* Build configuration list for PBXProject "Resto Apps iOS" */ = {
			isa = XCConfigurationList;
			buildConfigurations = (
				27A23ACB23E7CB9C00EFABCA /* Debug */,
				27A23ACC23E7CB9C00EFABCA /* Release */,
			);
			defaultConfigurationIsVisible = 0;
			defaultConfigurationName = Release;
		};
		27A23ACD23E7CB9C00EFABCA /* Build configuration list for PBXNativeTarget "Resto Apps iOS" */ = {
			isa = XCConfigurationList;
			buildConfigurations = (
				27A23ACE23E7CB9C00EFABCA /* Debug */,
				27A23ACF23E7CB9C00EFABCA /* Release */,
			);
			defaultConfigurationIsVisible = 0;
			defaultConfigurationName = Release;
		};
/* End XCConfigurationList section */
	};
	rootObject = 27A23AB123E7CB9800EFABCA /* Project object */;
}
